
Microsoft Visual Studio Solution File, Format Version 12.00
# Visual Studio 15
VisualStudioVersion = 15.0.27130.2027
MinimumVisualStudioVersion = 10.0.40219.1
Project("{FAE04EC0-301F-11D3-BF4B-00C04F79EFBC}") = "NancyApp", "NancyApp\NancyApp.csproj", "{8F96A884-8079-49FC-AF21-AA81EDCB9FF6}"
EndProject
Project("{FAE04EC0-301F-11D3-BF4B-00C04F79EFBC}") = "NancyTests", "NancyTests\NancyTests.csproj", "{A87111B7-D3C4-4451-ACFF-0BD37C3684A7}"
EndProject
Global
	GlobalSection(SolutionConfigurationPlatforms) = preSolution
		Debug|Any CPU = Debug|Any CPU
		Release|Any CPU = Release|Any CPU
	EndGlobalSection
	GlobalSection(ProjectConfigurationPlatforms) = postSolution
		{8F96A884-8079-49FC-AF21-AA81EDCB9FF6}.Debug|Any CPU.ActiveCfg = Debug|Any CPU
		{8F96A884-8079-49FC-AF21-AA81EDCB9FF6}.Debug|Any CPU.Build.0 = Debug|Any CPU
		{8F96A884-8079-49FC-AF21-AA81EDCB9FF6}.Release|Any CPU.ActiveCfg = Release|Any CPU
		{8F96A884-8079-49FC-AF21-AA81EDCB9FF6}.Release|Any CPU.Build.0 = Release|Any CPU
		{A87111B7-D3C4-4451-ACFF-0BD37C3684A7}.Debug|Any CPU.ActiveCfg = Debug|Any CPU
		{A87111B7-D3C4-4451-ACFF-0BD37C3684A7}.Debug|Any CPU.Build.0 = Debug|Any CPU
		{A87111B7-D3C4-4451-ACFF-0BD37C3684A7}.Release|Any CPU.ActiveCfg = Release|Any CPU
		{A87111B7-D3C4-4451-ACFF-0BD37C3684A7}.Release|Any CPU.Build.0 = Release|Any CPU
	EndGlobalSection
	GlobalSection(SolutionProperties) = preSolution
		HideSolutionNode = FALSE
	EndGlobalSection
	GlobalSection(ExtensibilityGlobals) = postSolution
		SolutionGuid = {EFB8A0F0-7956-4F52-A4B6-39AFB4FFA445}
	EndGlobalSection
EndGlobal
